PODS:
  - BoringSSL-GRPC (0.0.13):
    - BoringSSL-GRPC/Implementation (= 0.0.13)
    - BoringSSL-GRPC/Interface (= 0.0.13)
  - BoringSSL-GRPC/Implementation (0.0.13):
    - BoringSSL-GRPC/Interface (= 0.0.13)
  - BoringSSL-GRPC/Interface (0.0.13)
  - CryptoSwift (1.0.0)
  - JSON (5.0.0)
  - SwiftyBeaver (1.9.2)

DEPENDENCIES:
  - BoringSSL-GRPC
  - CryptoSwift (= 1.0.0)
  - JSON
  - SwiftyBeaver

SPEC REPOS:
  https://github.com/cocoapods/specs.git:
    - BoringSSL-GRPC
    - CryptoSwift
    - JSON
    - SwiftyBeaver

SPEC CHECKSUMS:
  BoringSSL-GRPC: 41adfd4432a3de4d89c5804e901749e62a7fe3e9
  CryptoSwift: d81eeaa59dc5a8d03720fe919a6fd07b51f7439f
  JSON: 93622160a062588b4cd3497b77ccd777f1fd0587
  SwiftyBeaver: b8239f6bfe9e1ea3303e6139abc8c24228081d84

PODFILE CHECKSUM: 7041739f4290a18397c4657fafe70f53064a5185

COCOAPODS: 1.7.0
