// !$*UTF8*$!
{
	archiveVersion = 1;
	classes = {
	};
	objectVersion = 51;
	objects = {

/* Begin PBXBuildFile section */
		21CF6E7C440E8C87EFF44A94 /* Pods_HyberSDKTests.framework in Frameworks */ = {isa = PBXBuildFile; fileRef = 36BCB4E46C2F114CEAD245C7 /* Pods_HyberSDKTests.framework */; };
		BA1A13B4253E85D700E93196 /* HyberSDK.podspec in Resources */ = {isa = PBXBuildFile; fileRef = BA1A13B3253E85D700E93196 /* HyberSDK.podspec */; };
		BA1A13B6253E899E00E93196 /* Podfile in Resources */ = {isa = PBXBuildFile; fileRef = BA1A13B5253E899E00E93196 /* Podfile */; };
		BA1C39F6253CB69000052185 /* HyberSDK.framework in Frameworks */ = {isa = PBXBuildFile; fileRef = BA1C39EC253CB69000052185 /* HyberSDK.framework */; };
		BA1C39FB253CB69000052185 /* HyberSDKTests.swift in Sources */ = {isa = PBXBuildFile; fileRef = BA1C39FA253CB69000052185 /* HyberSDKTests.swift */; };
		BA1C39FD253CB69000052185 /* HyberSDK.h in Headers */ = {isa = PBXBuildFile; fileRef = BA1C39EF253CB69000052185 /* HyberSDK.h */; settings = {ATTRIBUTES = (Public, ); }; };
		BA1C3A07253CB8B600052185 /* BridgingHeader.h in Headers */ = {isa = PBXBuildFile; fileRef = BA1C3A06253CB8B600052185 /* BridgingHeader.h */; };
		BA1C3A09253CB91100052185 /* HyberSDK.swift in Sources */ = {isa = PBXBuildFile; fileRef = BA1C3A08253CB91100052185 /* HyberSDK.swift */; };
		BA8D3413253CC128005BDC33 /* add_functions.swift in Sources */ = {isa = PBXBuildFile; fileRef = BA8D3412253CC128005BDC33 /* add_functions.swift */; };
		BA8D3417253CC12E005BDC33 /* json_parser.swift in Sources */ = {isa = PBXBuildFile; fileRef = BA8D3414253CC12E005BDC33 /* json_parser.swift */; };
		BA8D3418253CC12E005BDC33 /* hyber_answer_func.swift in Sources */ = {isa = PBXBuildFile; fileRef = BA8D3415253CC12E005BDC33 /* hyber_answer_func.swift */; };
		BA8D3419253CC12E005BDC33 /* params.swift in Sources */ = {isa = PBXBuildFile; fileRef = BA8D3416253CC12E005BDC33 /* params.swift */; };
		BA8D341C253CC14A005BDC33 /* hyber_adapter.swift in Sources */ = {isa = PBXBuildFile; fileRef = BA8D341B253CC14A005BDC33 /* hyber_adapter.swift */; };
		C04482AA53327CA7596F1B6C /* Pods_HyberSDK.framework in Frameworks */ = {isa = PBXBuildFile; fileRef = 8BE323D9F391699D4AA1D26E /* Pods_HyberSDK.framework */; };
/* End PBXBuildFile section */

/* Begin PBXContainerItemProxy section */
		BA1C39F7253CB69000052185 /* PBXContainerItemProxy */ = {
			isa = PBXContainerItemProxy;
			containerPortal = BA1C39E3253CB68F00052185 /* Project object */;
			proxyType = 1;
			remoteGlobalIDString = BA1C39EB253CB69000052185;
			remoteInfo = HyberSDK;
		};
/* End PBXContainerItemProxy section */

/* Begin PBXFileReference section */
		003A391C970765D29E44B64E /* Pods-HyberSDK.release.xcconfig */ = {isa = PBXFileReference; includeInIndex = 1; lastKnownFileType = text.xcconfig; name = "Pods-HyberSDK.release.xcconfig"; path = "Target Support Files/Pods-HyberSDK/Pods-HyberSDK.release.xcconfig"; sourceTree = "<group>"; };
		24F0FA61899A8D22630BD9D3 /* Pods-HyberSDKTests.release.xcconfig */ = {isa = PBXFileReference; includeInIndex = 1; lastKnownFileType = text.xcconfig; name = "Pods-HyberSDKTests.release.xcconfig"; path = "Target Support Files/Pods-HyberSDKTests/Pods-HyberSDKTests.release.xcconfig"; sourceTree = "<group>"; };
		2BE6F119B5BC34CF931A6318 /* Pods-HyberSDK.debug.xcconfig */ = {isa = PBXFileReference; includeInIndex = 1; lastKnownFileType = text.xcconfig; name = "Pods-HyberSDK.debug.xcconfig"; path = "Target Support Files/Pods-HyberSDK/Pods-HyberSDK.debug.xcconfig"; sourceTree = "<group>"; };
		36BCB4E46C2F114CEAD245C7 /* Pods_HyberSDKTests.framework */ = {isa = PBXFileReference; explicitFileType = wrapper.framework; includeInIndex = 0; path = Pods_HyberSDKTests.framework; sourceTree = BUILT_PRODUCTS_DIR; };
		62EFA8335FEA29B595B9A5BB /* Pods-HyberSDKTests.debug.xcconfig */ = {isa = PBXFileReference; includeInIndex = 1; lastKnownFileType = text.xcconfig; name = "Pods-HyberSDKTests.debug.xcconfig"; path = "Target Support Files/Pods-HyberSDKTests/Pods-HyberSDKTests.debug.xcconfig"; sourceTree = "<group>"; };
		8BE323D9F391699D4AA1D26E /* Pods_HyberSDK.framework */ = {isa = PBXFileReference; explicitFileType = wrapper.framework; includeInIndex = 0; path = Pods_HyberSDK.framework; sourceTree = BUILT_PRODUCTS_DIR; };
		BA1A13B3253E85D700E93196 /* HyberSDK.podspec */ = {isa = PBXFileReference; fileEncoding = 4; lastKnownFileType = text; path = HyberSDK.podspec; sourceTree = "<group>"; };
		BA1A13B5253E899E00E93196 /* Podfile */ = {isa = PBXFileReference; fileEncoding = 4; lastKnownFileType = text; path = Podfile; sourceTree = "<group>"; };
		BA1C39EC253CB69000052185 /* HyberSDK.framework */ = {isa = PBXFileReference; explicitFileType = wrapper.framework; includeInIndex = 0; path = HyberSDK.framework; sourceTree = BUILT_PRODUCTS_DIR; };
		BA1C39EF253CB69000052185 /* HyberSDK.h */ = {isa = PBXFileReference; lastKnownFileType = sourcecode.c.h; path = HyberSDK.h; sourceTree = "<group>"; };
		BA1C39F0253CB69000052185 /* Info.plist */ = {isa = PBXFileReference; lastKnownFileType = text.plist.xml; path = Info.plist; sourceTree = "<group>"; };
		BA1C39F5253CB69000052185 /* HyberSDKTests.xctest */ = {isa = PBXFileReference; explicitFileType = wrapper.cfbundle; includeInIndex = 0; path = HyberSDKTests.xctest; sourceTree = BUILT_PRODUCTS_DIR; };
		BA1C39FA253CB69000052185 /* HyberSDKTests.swift */ = {isa = PBXFileReference; lastKnownFileType = sourcecode.swift; path = HyberSDKTests.swift; sourceTree = "<group>"; };
		BA1C39FC253CB69000052185 /* Info.plist */ = {isa = PBXFileReference; lastKnownFileType = text.plist.xml; path = Info.plist; sourceTree = "<group>"; };
		BA1C3A06253CB8B600052185 /* BridgingHeader.h */ = {isa = PBXFileReference; fileEncoding = 4; lastKnownFileType = sourcecode.c.h; path = BridgingHeader.h; sourceTree = "<group>"; };
		BA1C3A08253CB91100052185 /* HyberSDK.swift */ = {isa = PBXFileReference; fileEncoding = 4; lastKnownFileType = sourcecode.swift; path = HyberSDK.swift; sourceTree = "<group>"; };
		BA8D3412253CC128005BDC33 /* add_functions.swift */ = {isa = PBXFileReference; fileEncoding = 4; lastKnownFileType = sourcecode.swift; path = add_functions.swift; sourceTree = "<group>"; };
		BA8D3414253CC12E005BDC33 /* json_parser.swift */ = {isa = PBXFileReference; fileEncoding = 4; lastKnownFileType = sourcecode.swift; path = json_parser.swift; sourceTree = "<group>"; };
		BA8D3415253CC12E005BDC33 /* hyber_answer_func.swift */ = {isa = PBXFileReference; fileEncoding = 4; lastKnownFileType = sourcecode.swift; path = hyber_answer_func.swift; sourceTree = "<group>"; };
		BA8D3416253CC12E005BDC33 /* params.swift */ = {isa = PBXFileReference; fileEncoding = 4; lastKnownFileType = sourcecode.swift; path = params.swift; sourceTree = "<group>"; };
		BA8D341B253CC14A005BDC33 /* hyber_adapter.swift */ = {isa = PBXFileReference; fileEncoding = 4; lastKnownFileType = sourcecode.swift; path = hyber_adapter.swift; sourceTree = "<group>"; };
/* End PBXFileReference section */

/* Begin PBXFrameworksBuildPhase section */
		BA1C39E9253CB69000052185 /* Frameworks */ = {
			isa = PBXFrameworksBuildPhase;
			buildActionMask = 2147483647;
			files = (
				C04482AA53327CA7596F1B6C /* Pods_HyberSDK.framework in Frameworks */,
			);
			runOnlyForDeploymentPostprocessing = 0;
		};
		BA1C39F2253CB69000052185 /* Frameworks */ = {
			isa = PBXFrameworksBuildPhase;
			buildActionMask = 2147483647;
			files = (
				BA1C39F6253CB69000052185 /* HyberSDK.framework in Frameworks */,
				21CF6E7C440E8C87EFF44A94 /* Pods_HyberSDKTests.framework in Frameworks */,
			);
			runOnlyForDeploymentPostprocessing = 0;
		};
/* End PBXFrameworksBuildPhase section */

/* Begin PBXGroup section */
		575507AECB6C51AC3B742480 /* Frameworks */ = {
			isa = PBXGroup;
			children = (
				8BE323D9F391699D4AA1D26E /* Pods_HyberSDK.framework */,
				36BCB4E46C2F114CEAD245C7 /* Pods_HyberSDKTests.framework */,
			);
			name = Frameworks;
			sourceTree = "<group>";
		};
		BA1C39E2253CB68F00052185 = {
			isa = PBXGroup;
			children = (
				BA1A13B5253E899E00E93196 /* Podfile */,
				BA1A13B3253E85D700E93196 /* HyberSDK.podspec */,
				BA1C39EE253CB69000052185 /* HyberSDK */,
				BA1C39F9253CB69000052185 /* HyberSDKTests */,
				BA1C39ED253CB69000052185 /* Products */,
				E9D77FC4D04AFBB6DE599CAA /* Pods */,
				575507AECB6C51AC3B742480 /* Frameworks */,
			);
			sourceTree = "<group>";
		};
		BA1C39ED253CB69000052185 /* Products */ = {
			isa = PBXGroup;
			children = (
				BA1C39EC253CB69000052185 /* HyberSDK.framework */,
				BA1C39F5253CB69000052185 /* HyberSDKTests.xctest */,
			);
			name = Products;
			sourceTree = "<group>";
		};
		BA1C39EE253CB69000052185 /* HyberSDK */ = {
			isa = PBXGroup;
			children = (
				BA8D341A253CC142005BDC33 /* api */,
				BA8D3411253CC117005BDC33 /* settings */,
				BA1C3A08253CB91100052185 /* HyberSDK.swift */,
				BA1C3A06253CB8B600052185 /* BridgingHeader.h */,
				BA1C39EF253CB69000052185 /* HyberSDK.h */,
				BA1C39F0253CB69000052185 /* Info.plist */,
			);
			path = HyberSDK;
			sourceTree = "<group>";
		};
		BA1C39F9253CB69000052185 /* HyberSDKTests */ = {
			isa = PBXGroup;
			children = (
				BA1C39FA253CB69000052185 /* HyberSDKTests.swift */,
				BA1C39FC253CB69000052185 /* Info.plist */,
			);
			path = HyberSDKTests;
			sourceTree = "<group>";
		};
		BA8D3411253CC117005BDC33 /* settings */ = {
			isa = PBXGroup;
			children = (
				BA8D3415253CC12E005BDC33 /* hyber_answer_func.swift */,
				BA8D3414253CC12E005BDC33 /* json_parser.swift */,
				BA8D3416253CC12E005BDC33 /* params.swift */,
				BA8D3412253CC128005BDC33 /* add_functions.swift */,
			);
			path = settings;
			sourceTree = "<group>";
		};
		BA8D341A253CC142005BDC33 /* api */ = {
			isa = PBXGroup;
			children = (
				BA8D341B253CC14A005BDC33 /* hyber_adapter.swift */,
			);
			path = api;
			sourceTree = "<group>";
		};
		E9D77FC4D04AFBB6DE599CAA /* Pods */ = {
			isa = PBXGroup;
			children = (
				2BE6F119B5BC34CF931A6318 /* Pods-HyberSDK.debug.xcconfig */,
				003A391C970765D29E44B64E /* Pods-HyberSDK.release.xcconfig */,
				62EFA8335FEA29B595B9A5BB /* Pods-HyberSDKTests.debug.xcconfig */,
				24F0FA61899A8D22630BD9D3 /* Pods-HyberSDKTests.release.xcconfig */,
			);
			path = Pods;
			sourceTree = "<group>";
		};
/* End PBXGroup section */

/* Begin PBXHeadersBuildPhase section */
		BA1C39E7253CB69000052185 /* Headers */ = {
			isa = PBXHeadersBuildPhase;
			buildActionMask = 2147483647;
			files = (
				BA1C39FD253CB69000052185 /* HyberSDK.h in Headers */,
				BA1C3A07253CB8B600052185 /* BridgingHeader.h in Headers */,
			);
			runOnlyForDeploymentPostprocessing = 0;
		};
/* End PBXHeadersBuildPhase section */

/* Begin PBXNativeTarget section */
		BA1C39EB253CB69000052185 /* HyberSDK */ = {
			isa = PBXNativeTarget;
			buildConfigurationList = BA1C3A00253CB69000052185 /* Build configuration list for PBXNativeTarget "HyberSDK" */;
			buildPhases = (
				16588151377DBC2EBB646DB2 /* [CP] Check Pods Manifest.lock */,
				BA1C39E7253CB69000052185 /* Headers */,
				BA1C39E8253CB69000052185 /* Sources */,
				BA1C39E9253CB69000052185 /* Frameworks */,
				BA1C39EA253CB69000052185 /* Resources */,
			);
			buildRules = (
			);
			dependencies = (
			);
			name = HyberSDK;
			productName = HyberSDK;
			productReference = BA1C39EC253CB69000052185 /* HyberSDK.framework */;
			productType = "com.apple.product-type.framework";
		};
		BA1C39F4253CB69000052185 /* HyberSDKTests */ = {
			isa = PBXNativeTarget;
			buildConfigurationList = BA1C3A03253CB69000052185 /* Build configuration list for PBXNativeTarget "HyberSDKTests" */;
			buildPhases = (
				99CA9D1CDAD13CBFE480590A /* [CP] Check Pods Manifest.lock */,
				BA1C39F1253CB69000052185 /* Sources */,
				BA1C39F2253CB69000052185 /* Frameworks */,
				BA1C39F3253CB69000052185 /* Resources */,
				849CC2287BC371ADD423DD46 /* [CP] Embed Pods Frameworks */,
			);
			buildRules = (
			);
			dependencies = (
				BA1C39F8253CB69000052185 /* PBXTargetDependency */,
			);
			name = HyberSDKTests;
			productName = HyberSDKTests;
			productReference = BA1C39F5253CB69000052185 /* HyberSDKTests.xctest */;
			productType = "com.apple.product-type.bundle.unit-test";
		};
/* End PBXNativeTarget section */

/* Begin PBXProject section */
		BA1C39E3253CB68F00052185 /* Project object */ = {
			isa = PBXProject;
			attributes = {
				LastSwiftUpdateCheck = 1020;
				LastUpgradeCheck = 1020;
				ORGANIZATIONNAME = HYBER;
				TargetAttributes = {
					BA1C39EB253CB69000052185 = {
						CreatedOnToolsVersion = 10.2.1;
						LastSwiftMigration = 1020;
					};
					BA1C39F4253CB69000052185 = {
						CreatedOnToolsVersion = 10.2.1;
					};
				};
			};
			buildConfigurationList = BA1C39E6253CB68F00052185 /* Build configuration list for PBXProject "HyberSDK" */;
			compatibilityVersion = "Xcode 9.3";
			developmentRegion = en;
			hasScannedForEncodings = 0;
			knownRegions = (
				en,
			);
			mainGroup = BA1C39E2253CB68F00052185;
			productRefGroup = BA1C39ED253CB69000052185 /* Products */;
			projectDirPath = "";
			projectRoot = "";
			targets = (
				BA1C39EB253CB69000052185 /* HyberSDK */,
				BA1C39F4253CB69000052185 /* HyberSDKTests */,
			);
		};
/* End PBXProject section */

/* Begin PBXResourcesBuildPhase section */
		BA1C39EA253CB69000052185 /* Resources */ = {
			isa = PBXResourcesBuildPhase;
			buildActionMask = 2147483647;
			files = (
				BA1A13B6253E899E00E93196 /* Podfile in Resources */,
				BA1A13B4253E85D700E93196 /* HyberSDK.podspec in Resources */,
			);
			runOnlyForDeploymentPostprocessing = 0;
		};
		BA1C39F3253CB69000052185 /* Resources */ = {
			isa = PBXResourcesBuildPhase;
			buildActionMask = 2147483647;
			files = (
			);
			runOnlyForDeploymentPostprocessing = 0;
		};
/* End PBXResourcesBuildPhase section */

/* Begin PBXShellScriptBuildPhase section */
		16588151377DBC2EBB646DB2 /* [CP] Check Pods Manifest.lock */ = {
			isa = PBXShellScriptBuildPhase;
			buildActionMask = 2147483647;
			files = (
			);
			inputFileListPaths = (
			);
			inputPaths = (
				"${PODS_PODFILE_DIR_PATH}/Podfile.lock",
				"${PODS_ROOT}/Manifest.lock",
			);
			name = "[CP] Check Pods Manifest.lock";
			outputFileListPaths = (
			);
			outputPaths = (
				"$(DERIVED_FILE_DIR)/Pods-HyberSDK-checkManifestLockResult.txt",
			);
			runOnlyForDeploymentPostprocessing = 0;
			shellPath = /bin/sh;
			shellScript = "diff \"${PODS_PODFILE_DIR_PATH}/Podfile.lock\" \"${PODS_ROOT}/Manifest.lock\" > /dev/null\nif [ $? != 0 ] ; then\n    # print error to STDERR\n    echo \"error: The sandbox is not in sync with the Podfile.lock. Run 'pod install' or update your CocoaPods installation.\" >&2\n    exit 1\nfi\n# This output is used by Xcode 'outputs' to avoid re-running this script phase.\necho \"SUCCESS\" > \"${SCRIPT_OUTPUT_FILE_0}\"\n";
			showEnvVarsInLog = 0;
		};
		849CC2287BC371ADD423DD46 /* [CP] Embed Pods Frameworks */ = {
			isa = PBXShellScriptBuildPhase;
			buildActionMask = 2147483647;
			files = (
			);
			inputFileListPaths = (
				"${PODS_ROOT}/Target Support Files/Pods-HyberSDKTests/Pods-HyberSDKTests-frameworks-${CONFIGURATION}-input-files.xcfilelist",
			);
			name = "[CP] Embed Pods Frameworks";
			outputFileListPaths = (
				"${PODS_ROOT}/Target Support Files/Pods-HyberSDKTests/Pods-HyberSDKTests-frameworks-${CONFIGURATION}-output-files.xcfilelist",
			);
			runOnlyForDeploymentPostprocessing = 0;
			shellPath = /bin/sh;
			shellScript = "\"${PODS_ROOT}/Target Support Files/Pods-HyberSDKTests/Pods-HyberSDKTests-frameworks.sh\"\n";
			showEnvVarsInLog = 0;
		};
		99CA9D1CDAD13CBFE480590A /* [CP] Check Pods Manifest.lock */ = {
			isa = PBXShellScriptBuildPhase;
			buildActionMask = 2147483647;
			files = (
			);
			inputFileListPaths = (
			);
			inputPaths = (
				"${PODS_PODFILE_DIR_PATH}/Podfile.lock",
				"${PODS_ROOT}/Manifest.lock",
			);
			name = "[CP] Check Pods Manifest.lock";
			outputFileListPaths = (
			);
			outputPaths = (
				"$(DERIVED_FILE_DIR)/Pods-HyberSDKTests-checkManifestLockResult.txt",
			);
			runOnlyForDeploymentPostprocessing = 0;
			shellPath = /bin/sh;
			shellScript = "diff \"${PODS_PODFILE_DIR_PATH}/Podfile.lock\" \"${PODS_ROOT}/Manifest.lock\" > /dev/null\nif [ $? != 0 ] ; then\n    # print error to STDERR\n    echo \"error: The sandbox is not in sync with the Podfile.lock. Run 'pod install' or update your CocoaPods installation.\" >&2\n    exit 1\nfi\n# This output is used by Xcode 'outputs' to avoid re-running this script phase.\necho \"SUCCESS\" > \"${SCRIPT_OUTPUT_FILE_0}\"\n";
			showEnvVarsInLog = 0;
		};
/* End PBXShellScriptBuildPhase section */

/* Begin PBXSourcesBuildPhase section */
		BA1C39E8253CB69000052185 /* Sources */ = {
			isa = PBXSourcesBuildPhase;
			buildActionMask = 2147483647;
			files = (
				BA8D341C253CC14A005BDC33 /* hyber_adapter.swift in Sources */,
				BA8D3417253CC12E005BDC33 /* json_parser.swift in Sources */,
				BA1C3A09253CB91100052185 /* HyberSDK.swift in Sources */,
				BA8D3418253CC12E005BDC33 /* hyber_answer_func.swift in Sources */,
				BA8D3413253CC128005BDC33 /* add_functions.swift in Sources */,
				BA8D3419253CC12E005BDC33 /* params.swift in Sources */,
			);
			runOnlyForDeploymentPostprocessing = 0;
		};
		BA1C39F1253CB69000052185 /* Sources */ = {
			isa = PBXSourcesBuildPhase;
			buildActionMask = 2147483647;
			files = (
				BA1C39FB253CB69000052185 /* HyberSDKTests.swift in Sources */,
			);
			runOnlyForDeploymentPostprocessing = 0;
		};
/* End PBXSourcesBuildPhase section */

/* Begin PBXTargetDependency section */
		BA1C39F8253CB69000052185 /* PBXTargetDependency */ = {
			isa = PBXTargetDependency;
			target = BA1C39EB253CB69000052185 /* HyberSDK */;
			targetProxy = BA1C39F7253CB69000052185 /* PBXContainerItemProxy */;
		};
/* End PBXTargetDependency section */

/* Begin XCBuildConfiguration section */
		BA1C39FE253CB69000052185 /* Debug */ = {
			isa = XCBuildConfiguration;
			buildSettings = {
				ALWAYS_SEARCH_USER_PATHS = NO;
				CLANG_ANALYZER_NONNULL = YES;
				CLANG_ANALYZER_NUMBER_OBJECT_CONVERSION = YES_AGGRESSIVE;
				CLANG_CXX_LANGUAGE_STANDARD = "gnu++14";
				CLANG_CXX_LIBRARY = "libc++";
				CLANG_ENABLE_MODULES = YES;
				CLANG_ENABLE_OBJC_ARC = YES;
				CLANG_ENABLE_OBJC_WEAK = YES;
				CLANG_WARN_BLOCK_CAPTURE_AUTORELEASING = YES;
				CLANG_WARN_BOOL_CONVERSION = YES;
				CLANG_WARN_COMMA = YES;
				CLANG_WARN_CONSTANT_CONVERSION = YES;
				CLANG_WARN_DEPRECATED_OBJC_IMPLEMENTATIONS = YES;
				CLANG_WARN_DIRECT_OBJC_ISA_USAGE = YES_ERROR;
				CLANG_WARN_DOCUMENTATION_COMMENTS = YES;
				CLANG_WARN_EMPTY_BODY = YES;
				CLANG_WARN_ENUM_CONVERSION = YES;
				CLANG_WARN_INFINITE_RECURSION = YES;
				CLANG_WARN_INT_CONVERSION = YES;
				CLANG_WARN_NON_LITERAL_NULL_CONVERSION = YES;
				CLANG_WARN_OBJC_IMPLICIT_RETAIN_SELF = YES;
				CLANG_WARN_OBJC_LITERAL_CONVERSION = YES;
				CLANG_WARN_OBJC_ROOT_CLASS = YES_ERROR;
				CLANG_WARN_RANGE_LOOP_ANALYSIS = YES;
				CLANG_WARN_STRICT_PROTOTYPES = YES;
				CLANG_WARN_SUSPICIOUS_MOVE = YES;
				CLANG_WARN_UNGUARDED_AVAILABILITY = YES_AGGRESSIVE;
				CLANG_WARN_UNREACHABLE_CODE = YES;
				CLANG_WARN__DUPLICATE_METHOD_MATCH = YES;
				CODE_SIGN_IDENTITY = "iPhone Developer";
				COPY_PHASE_STRIP = NO;
				CURRENT_PROJECT_VERSION = 1;
				DEBUG_INFORMATION_FORMAT = dwarf;
				ENABLE_STRICT_OBJC_MSGSEND = YES;
				ENABLE_TESTABILITY = YES;
				GCC_C_LANGUAGE_STANDARD = gnu11;
				GCC_DYNAMIC_NO_PIC = NO;
				GCC_NO_COMMON_BLOCKS = YES;
				GCC_OPTIMIZATION_LEVEL = 0;
				GCC_PREPROCESSOR_DEFINITIONS = (
					"DEBUG=1",
					"$(inherited)",
				);
				GCC_WARN_64_TO_32_BIT_CONVERSION = YES;
				GCC_WARN_ABOUT_RETURN_TYPE = YES_ERROR;
				GCC_WARN_UNDECLARED_SELECTOR = YES;
				GCC_WARN_UNINITIALIZED_AUTOS = YES_AGGRESSIVE;
				GCC_WARN_UNUSED_FUNCTION = YES;
				GCC_WARN_UNUSED_VARIABLE = YES;
				IPHONEOS_DEPLOYMENT_TARGET = 12.2;
				MTL_ENABLE_DEBUG_INFO = INCLUDE_SOURCE;
				MTL_FAST_MATH = YES;
				ONLY_ACTIVE_ARCH = YES;
				SDKROOT = iphoneos;
				SWIFT_ACTIVE_COMPILATION_CONDITIONS = DEBUG;
				SWIFT_OPTIMIZATION_LEVEL = "-Onone";
				VERSIONING_SYSTEM = "apple-generic";
				VERSION_INFO_PREFIX = "";
			};
			name = Debug;
		};
		BA1C39FF253CB69000052185 /* Release */ = {
			isa = XCBuildConfiguration;
			buildSettings = {
				ALWAYS_SEARCH_USER_PATHS = NO;
				CLANG_ANALYZER_NONNULL = YES;
				CLANG_ANALYZER_NUMBER_OBJECT_CONVERSION = YES_AGGRESSIVE;
				CLANG_CXX_LANGUAGE_STANDARD = "gnu++14";
				CLANG_CXX_LIBRARY = "libc++";
				CLANG_ENABLE_MODULES = YES;
				CLANG_ENABLE_OBJC_ARC = YES;
				CLANG_ENABLE_OBJC_WEAK = YES;
				CLANG_WARN_BLOCK_CAPTURE_AUTORELEASING = YES;
				CLANG_WARN_BOOL_CONVERSION = YES;
				CLANG_WARN_COMMA = YES;
				CLANG_WARN_CONSTANT_CONVERSION = YES;
				CLANG_WARN_DEPRECATED_OBJC_IMPLEMENTATIONS = YES;
				CLANG_WARN_DIRECT_OBJC_ISA_USAGE = YES_ERROR;
				CLANG_WARN_DOCUMENTATION_COMMENTS = YES;
				CLANG_WARN_EMPTY_BODY = YES;
				CLANG_WARN_ENUM_CONVERSION = YES;
				CLANG_WARN_INFINITE_RECURSION = YES;
				CLANG_WARN_INT_CONVERSION = YES;
				CLANG_WARN_NON_LITERAL_NULL_CONVERSION = YES;
				CLANG_WARN_OBJC_IMPLICIT_RETAIN_SELF = YES;
				CLANG_WARN_OBJC_LITERAL_CONVERSION = YES;
				CLANG_WARN_OBJC_ROOT_CLASS = YES_ERROR;
				CLANG_WARN_RANGE_LOOP_ANALYSIS = YES;
				CLANG_WARN_STRICT_PROTOTYPES = YES;
				CLANG_WARN_SUSPICIOUS_MOVE = YES;
				CLANG_WARN_UNGUARDED_AVAILABILITY = YES_AGGRESSIVE;
				CLANG_WARN_UNREACHABLE_CODE = YES;
				CLANG_WARN__DUPLICATE_METHOD_MATCH = YES;
				CODE_SIGN_IDENTITY = "iPhone Developer";
				COPY_PHASE_STRIP = NO;
				CURRENT_PROJECT_VERSION = 1;
				DEBUG_INFORMATION_FORMAT = "dwarf-with-dsym";
				ENABLE_NS_ASSERTIONS = NO;
				ENABLE_STRICT_OBJC_MSGSEND = YES;
				GCC_C_LANGUAGE_STANDARD = gnu11;
				GCC_NO_COMMON_BLOCKS = YES;
				GCC_WARN_64_TO_32_BIT_CONVERSION = YES;
				GCC_WARN_ABOUT_RETURN_TYPE = YES_ERROR;
				GCC_WARN_UNDECLARED_SELECTOR = YES;
				GCC_WARN_UNINITIALIZED_AUTOS = YES_AGGRESSIVE;
				GCC_WARN_UNUSED_FUNCTION = YES;
				GCC_WARN_UNUSED_VARIABLE = YES;
				IPHONEOS_DEPLOYMENT_TARGET = 12.2;
				MTL_ENABLE_DEBUG_INFO = NO;
				MTL_FAST_MATH = YES;
				SDKROOT = iphoneos;
				SWIFT_COMPILATION_MODE = wholemodule;
				SWIFT_OPTIMIZATION_LEVEL = "-O";
				VALIDATE_PRODUCT = YES;
				VERSIONING_SYSTEM = "apple-generic";
				VERSION_INFO_PREFIX = "";
			};
			name = Release;
		};
		BA1C3A01253CB69000052185 /* Debug */ = {
			isa = XCBuildConfiguration;
			baseConfigurationReference = 2BE6F119B5BC34CF931A6318 /* Pods-HyberSDK.debug.xcconfig */;
			buildSettings = {
				CLANG_ENABLE_MODULES = YES;
				CODE_SIGN_IDENTITY = "";
				CODE_SIGN_STYLE = Automatic;
				DEFINES_MODULE = YES;
				DEVELOPMENT_TEAM = 74UT6QD789;
				DYLIB_COMPATIBILITY_VERSION = 1;
				DYLIB_CURRENT_VERSION = 1;
				DYLIB_INSTALL_NAME_BASE = "@rpath";
				INFOPLIST_FILE = HyberSDK/Info.plist;
				INSTALL_PATH = "$(LOCAL_LIBRARY_DIR)/Frameworks";
				LD_RUNPATH_SEARCH_PATHS = (
					"$(inherited)",
					"@executable_path/Frameworks",
					"@loader_path/Frameworks",
				);
				PRODUCT_BUNDLE_IDENTIFIER = com.hyber.ios.hybersdkios.HyberSDK;
				PRODUCT_NAME = "$(TARGET_NAME:c99extidentifier)";
				SKIP_INSTALL = YES;
				SWIFT_OPTIMIZATION_LEVEL = "-Onone";
				SWIFT_VERSION = 5.0;
				TARGETED_DEVICE_FAMILY = "1,2";
			};
			name = Debug;
		};
		BA1C3A02253CB69000052185 /* Release */ = {
			isa = XCBuildConfiguration;
			baseConfigurationReference = 003A391C970765D29E44B64E /* Pods-HyberSDK.release.xcconfig */;
			buildSettings = {
				CLANG_ENABLE_MODULES = YES;
				CODE_SIGN_IDENTITY = "";
				CODE_SIGN_STYLE = Automatic;
				DEFINES_MODULE = YES;
				DEVELOPMENT_TEAM = 74UT6QD789;
				DYLIB_COMPATIBILITY_VERSION = 1;
				DYLIB_CURRENT_VERSION = 1;
				DYLIB_INSTALL_NAME_BASE = "@rpath";
				INFOPLIST_FILE = HyberSDK/Info.plist;
				INSTALL_PATH = "$(LOCAL_LIBRARY_DIR)/Frameworks";
				LD_RUNPATH_SEARCH_PATHS = (
					"$(inherited)",
					"@executable_path/Frameworks",
					"@loader_path/Frameworks",
				);
				PRODUCT_BUNDLE_IDENTIFIER = com.hyber.ios.hybersdkios.HyberSDK;
				PRODUCT_NAME = "$(TARGET_NAME:c99extidentifier)";
				SKIP_INSTALL = YES;
				SWIFT_VERSION = 5.0;
				TARGETED_DEVICE_FAMILY = "1,2";
			};
			name = Release;
		};
		BA1C3A04253CB69000052185 /* Debug */ = {
			isa = XCBuildConfiguration;
			baseConfigurationReference = 62EFA8335FEA29B595B9A5BB /* Pods-HyberSDKTests.debug.xcconfig */;
			buildSettings = {
				ALWAYS_EMBED_SWIFT_STANDARD_LIBRARIES = YES;
				CODE_SIGN_STYLE = Automatic;
				DEVELOPMENT_TEAM = 74UT6QD789;
				INFOPLIST_FILE = HyberSDKTests/Info.plist;
				LD_RUNPATH_SEARCH_PATHS = (
					"$(inherited)",
					"@executable_path/Frameworks",
					"@loader_path/Frameworks",
				);
				PRODUCT_BUNDLE_IDENTIFIER = com.hyber.ios.hybersdkios.HyberSDKTests;
				PRODUCT_NAME = "$(TARGET_NAME)";
				SWIFT_VERSION = 5.0;
				TARGETED_DEVICE_FAMILY = "1,2";
			};
			name = Debug;
		};
		BA1C3A05253CB69000052185 /* Release */ = {
			isa = XCBuildConfiguration;
			baseConfigurationReference = 24F0FA61899A8D22630BD9D3 /* Pods-HyberSDKTests.release.xcconfig */;
			buildSettings = {
				ALWAYS_EMBED_SWIFT_STANDARD_LIBRARIES = YES;
				CODE_SIGN_STYLE = Automatic;
				DEVELOPMENT_TEAM = 74UT6QD789;
				INFOPLIST_FILE = HyberSDKTests/Info.plist;
				LD_RUNPATH_SEARCH_PATHS = (
					"$(inherited)",
					"@executable_path/Frameworks",
					"@loader_path/Frameworks",
				);
				PRODUCT_BUNDLE_IDENTIFIER = com.hyber.ios.hybersdkios.HyberSDKTests;
				PRODUCT_NAME = "$(TARGET_NAME)";
				SWIFT_VERSION = 5.0;
				TARGETED_DEVICE_FAMILY = "1,2";
			};
			name = Release;
		};
/* End XCBuildConfiguration section */

/* Begin XCConfigurationList section */
		BA1C39E6253CB68F00052185 /* Build configuration list for PBXProject "HyberSDK" */ = {
			isa = XCConfigurationList;
			buildConfigurations = (
				BA1C39FE253CB69000052185 /* Debug */,
				BA1C39FF253CB69000052185 /* Release */,
			);
			defaultConfigurationIsVisible = 0;
			defaultConfigurationName = Release;
		};
		BA1C3A00253CB69000052185 /* Build configuration list for PBXNativeTarget "HyberSDK" */ = {
			isa = XCConfigurationList;
			buildConfigurations = (
				BA1C3A01253CB69000052185 /* Debug */,
				BA1C3A02253CB69000052185 /* Release */,
			);
			defaultConfigurationIsVisible = 0;
			defaultConfigurationName = Release;
		};
		BA1C3A03253CB69000052185 /* Build configuration list for PBXNativeTarget "HyberSDKTests" */ = {
			isa = XCConfigurationList;
			buildConfigurations = (
				BA1C3A04253CB69000052185 /* Debug */,
				BA1C3A05253CB69000052185 /* Release */,
			);
			defaultConfigurationIsVisible = 0;
			defaultConfigurationName = Release;
		};
/* End XCConfigurationList section */
	};
	rootObject = BA1C39E3253CB68F00052185 /* Project object */;
}
